
Microsoft Visual Studio Solution File, Format Version 12.00
# Visual Studio Version 17
VisualStudioVersion = 17.0.31903.59
MinimumVisualStudioVersion = 10.0.40219.1
Project("{FAE04EC0-301F-11D3-BF4B-00C04F79EFBC}") = "Zadanie2", "Zadanie2.csproj", "{1D45FA29-4698-4856-9740-9FBF32DD1783}"
EndProject
Global
	GlobalSection(SolutionConfigurationPlatforms) = preSolution
		Debug|Any CPU = Debug|Any CPU
		Release|Any CPU = Release|Any CPU
	EndGlobalSection
	GlobalSection(ProjectConfigurationPlatforms) = postSolution
		{1D45FA29-4698-4856-9740-9FBF32DD1783}.Debug|Any CPU.ActiveCfg = Debug|Any CPU
		{1D45FA29-4698-4856-9740-9FBF32DD1783}.Debug|Any CPU.Build.0 = Debug|Any CPU
		{1D45FA29-4698-4856-9740-9FBF32DD1783}.Release|Any CPU.ActiveCfg = Release|Any CPU
		{1D45FA29-4698-4856-9740-9FBF32DD1783}.Release|Any CPU.Build.0 = Release|Any CPU
	EndGlobalSection
	GlobalSection(SolutionProperties) = preSolution
		HideSolutionNode = FALSE
	EndGlobalSection
	GlobalSection(ExtensibilityGlobals) = postSolution
		SolutionGuid = {35B55D69-CA14-461A-A8CB-2D28432B3991}
	EndGlobalSection
EndGlobal
